<?xml version="1.0" encoding="utf-8"?>
<Project ToolsVersion="4.0" xmlns="http://schemas.microsoft.com/developer/msbuild/2003">
  <ItemGroup>
    <Filter Include="Source Files">
      <UniqueIdentifier>{4FC737F1-C7A5-4376-A066-2A32D752A2FF}</UniqueIdentifier>
      <Extensions>cpp;c;cc;cxx;c++;cppm;ixx;def;odl;idl;hpj;bat;asm;asmx</Extensions>
    </Filter>
    <Filter Include="Header Files">
      <UniqueIdentifier>{93995380-89BD-4b04-88EB-625FBE52EBFB}</UniqueIdentifier>
      <Extensions>h;hh;hpp;hxx;h++;hm;inl;inc;ipp;xsd</Extensions>
    </Filter>
    <Filter Include="Resource Files">
      <UniqueIdentifier>{67DA6AB6-F800-4c08-8B7A-83BB121AAD01}</UniqueIdentifier>
      <Extensions>rc;ico;cur;bmp;dlg;rc2;rct;bin;rgs;gif;jpg;jpeg;jpe;resx;tiff;tif;png;wav;mfcribbon-ms</Extensions>
    </Filter>
  </ItemGroup>
  <ItemGroup>
    <ClCompile Include="citizen.cpp">
      <Filter>Source Files</Filter>
    </ClCompile>
    <ClCompile Include="citizensArr.cpp">
      <Filter>Source Files</Filter>
    </ClCompile>
    <ClCompile Include="district.cpp">
      <Filter>Source Files</Filter>
    </ClCompile>
    <ClCompile Include="districtsArr.cpp">
      <Filter>Source Files</Filter>
    </ClCompile>
    <ClCompile Include="election.cpp">
      <Filter>Source Files</Filter>
    </ClCompile>
    <ClCompile Include="main.cpp">
      <Filter>Source Files</Filter>
    </ClCompile>
    <ClCompile Include="partiesArr.cpp">
      <Filter>Source Files</Filter>
    </ClCompile>
    <ClCompile Include="party.cpp">
      <Filter>Source Files</Filter>
    </ClCompile>
    <ClCompile Include="PartyCandidates.cpp">
      <Filter>Source Files</Filter>
    </ClCompile>
    <ClCompile Include="uniformDis.cpp">
      <Filter>Source Files</Filter>
    </ClCompile>
    <ClCompile Include="devidedDis.cpp">
      <Filter>Source Files</Filter>
    </ClCompile>
    <ClCompile Include="normalElection.cpp">
      <Filter>Source Files</Filter>
    </ClCompile>
    <ClCompile Include="simpleElection.cpp">
      <Filter>Source Files</Filter>
    </ClCompile>
  </ItemGroup>
  <ItemGroup>
    <ClInclude Include="citizen.h">
      <Filter>Header Files</Filter>
    </ClInclude>
    <ClInclude Include="citizensArr.h">
      <Filter>Header Files</Filter>
    </ClInclude>
    <ClInclude Include="district.h">
      <Filter>Header Files</Filter>
    </ClInclude>
    <ClInclude Include="districtsArr.h">
      <Filter>Header Files</Filter>
    </ClInclude>
    <ClInclude Include="election.h">
      <Filter>Header Files</Filter>
    </ClInclude>
    <ClInclude Include="partiesArr.h">
      <Filter>Header Files</Filter>
    </ClInclude>
    <ClInclude Include="party.h">
      <Filter>Header Files</Filter>
    </ClInclude>
    <ClInclude Include="partyCandidates.h">
      <Filter>Header Files</Filter>
    </ClInclude>
    <ClInclude Include="uniformDis.h">
      <Filter>Header Files</Filter>
    </ClInclude>
    <ClInclude Include="devidedDis.h">
      <Filter>Header Files</Filter>
    </ClInclude>
    <ClInclude Include="normalElection.h">
      <Filter>Header Files</Filter>
    </ClInclude>
    <ClInclude Include="simpleElection.h">
      <Filter>Header Files</Filter>
    </ClInclude>
  </ItemGroup>
</Project>