<?xml version="1.0" encoding="utf-8"?>
<Project ToolsVersion="4.0" xmlns="http://schemas.microsoft.com/developer/msbuild/2003">
  <ItemGroup>
    <ClCompile Include="citizen.cpp" />
    <ClCompile Include="citizensArr.cpp" />
    <ClCompile Include="devidedDis.cpp" />
    <ClCompile Include="district.cpp" />
    <ClCompile Include="districtLoader.cpp" />
    <ClCompile Include="districtsArr.cpp" />
    <ClCompile Include="election.cpp" />
    <ClCompile Include="electionLoader.cpp" />
    <ClCompile Include="main.cpp" />
    <ClCompile Include="normalElection.cpp" />
    <ClCompile Include="partiesArr.cpp" />
    <ClCompile Include="party.cpp" />
    <ClCompile Include="PartyCandidates.cpp" />
    <ClCompile Include="simpleElection.cpp" />
    <ClCompile Include="uniformDis.cpp" />
  </ItemGroup>
  <ItemGroup>
    <ClInclude Include="citizen.h" />
    <ClInclude Include="citizensArr.h" />
    <ClInclude Include="devidedDis.h" />
    <ClInclude Include="district.h" />
    <ClInclude Include="districtLoader.h" />
    <ClInclude Include="districtsArr.h" />
    <ClInclude Include="election.h" />
    <ClInclude Include="electionLoader.h" />
    <ClInclude Include="normalElection.h" />
    <ClInclude Include="partiesArr.h" />
    <ClInclude Include="party.h" />
    <ClInclude Include="partyCandidates.h" />
    <ClInclude Include="simpleElection.h" />
    <ClInclude Include="uniformDis.h" />
    <ClInclude Include="dynamicArr.h" />
    <ClInclude Include="citizenException.h" />
    <ClInclude Include="districtException.h" />
    <ClInclude Include="partyException.h" />
    <ClInclude Include="electionException.h" />
    <ClInclude Include="partyCandidateException.h" />
    <ClInclude Include="candidatesData.h" />
  </ItemGroup>
</Project>